
Microsoft Visual Studio Solution File, Format Version 12.00
# Visual Studio Version 17
VisualStudioVersion = 17.0.31903.59
MinimumVisualStudioVersion = 10.0.40219.1
Project("{2150E333-8FDC-42A3-9474-1A3956D46DE8}") = "src", "src", "{4E1A4433-7647-4109-BEE8-47E2D097569A}"
EndProject
Project("{FAE04EC0-301F-11D3-BF4B-00C04F79EFBC}") = "JET_Task.Domain", "src\JET_Task.Domain\JET_Task.Domain.csproj", "{7F295A3E-E553-432A-9B72-ADD10A6F2A7A}"
EndProject
Project("{FAE04EC0-301F-11D3-BF4B-00C04F79EFBC}") = "JET_Task.Application", "src\JET_Task.Application\JET_Task.Application.csproj", "{4B79CAF4-A90C-4A1E-85E9-8EB0F5BDFE9E}"
EndProject
Project("{FAE04EC0-301F-11D3-BF4B-00C04F79EFBC}") = "JET_Task.Infrastructure", "src\JET_Task.Infrastructure\JET_Task.Infrastructure.csproj", "{818CA7FE-868B-4770-96F7-970ABC92FABF}"
EndProject
Project("{FAE04EC0-301F-11D3-BF4B-00C04F79EFBC}") = "JET_Task.Api", "src\JET_Task.Api\JET_Task.Api.csproj", "{0AEFE673-51A3-43D7-AF6C-B732A7111946}"
EndProject
Project("{FAE04EC0-301F-11D3-BF4B-00C04F79EFBC}") = "JET_Task.Blazor", "src\JET_Task.Blazor\JET_Task.Blazor.csproj", "{D36EA1D4-C3BF-4522-AB02-44128FA41703}"
EndProject
Project("{2150E333-8FDC-42A3-9474-1A3956D46DE8}") = "tests", "tests", "{3831833A-800D-4114-997D-2B3C616FAF13}"
EndProject
Project("{FAE04EC0-301F-11D3-BF4B-00C04F79EFBC}") = "JET_Task.UnitTests", "tests\JET_Task.UnitTests\JET_Task.UnitTests.csproj", "{A2EDCFC5-FB7E-441F-8EC3-C0626D49083D}"
EndProject
Project("{FAE04EC0-301F-11D3-BF4B-00C04F79EFBC}") = "JET_Task.BlazorTests", "tests\JET_Task.BlazorTests\JET_Task.BlazorTests.csproj", "{276B9D02-A8A4-4331-89CF-B43038545FA8}"
EndProject
Global
	GlobalSection(SolutionConfigurationPlatforms) = preSolution
		Debug|Any CPU = Debug|Any CPU
		Release|Any CPU = Release|Any CPU
	EndGlobalSection
	GlobalSection(SolutionProperties) = preSolution
		HideSolutionNode = FALSE
	EndGlobalSection
	GlobalSection(ProjectConfigurationPlatforms) = postSolution
		{7F295A3E-E553-432A-9B72-ADD10A6F2A7A}.Debug|Any CPU.ActiveCfg = Debug|Any CPU
		{7F295A3E-E553-432A-9B72-ADD10A6F2A7A}.Debug|Any CPU.Build.0 = Debug|Any CPU
		{7F295A3E-E553-432A-9B72-ADD10A6F2A7A}.Release|Any CPU.ActiveCfg = Release|Any CPU
		{7F295A3E-E553-432A-9B72-ADD10A6F2A7A}.Release|Any CPU.Build.0 = Release|Any CPU
		{4B79CAF4-A90C-4A1E-85E9-8EB0F5BDFE9E}.Debug|Any CPU.ActiveCfg = Debug|Any CPU
		{4B79CAF4-A90C-4A1E-85E9-8EB0F5BDFE9E}.Debug|Any CPU.Build.0 = Debug|Any CPU
		{4B79CAF4-A90C-4A1E-85E9-8EB0F5BDFE9E}.Release|Any CPU.ActiveCfg = Release|Any CPU
		{4B79CAF4-A90C-4A1E-85E9-8EB0F5BDFE9E}.Release|Any CPU.Build.0 = Release|Any CPU
		{818CA7FE-868B-4770-96F7-970ABC92FABF}.Debug|Any CPU.ActiveCfg = Debug|Any CPU
		{818CA7FE-868B-4770-96F7-970ABC92FABF}.Debug|Any CPU.Build.0 = Debug|Any CPU
		{818CA7FE-868B-4770-96F7-970ABC92FABF}.Release|Any CPU.ActiveCfg = Release|Any CPU
		{818CA7FE-868B-4770-96F7-970ABC92FABF}.Release|Any CPU.Build.0 = Release|Any CPU
		{0AEFE673-51A3-43D7-AF6C-B732A7111946}.Debug|Any CPU.ActiveCfg = Debug|Any CPU
		{0AEFE673-51A3-43D7-AF6C-B732A7111946}.Debug|Any CPU.Build.0 = Debug|Any CPU
		{0AEFE673-51A3-43D7-AF6C-B732A7111946}.Release|Any CPU.ActiveCfg = Release|Any CPU
		{0AEFE673-51A3-43D7-AF6C-B732A7111946}.Release|Any CPU.Build.0 = Release|Any CPU
		{D36EA1D4-C3BF-4522-AB02-44128FA41703}.Debug|Any CPU.ActiveCfg = Debug|Any CPU
		{D36EA1D4-C3BF-4522-AB02-44128FA41703}.Debug|Any CPU.Build.0 = Debug|Any CPU
		{D36EA1D4-C3BF-4522-AB02-44128FA41703}.Release|Any CPU.ActiveCfg = Release|Any CPU
		{D36EA1D4-C3BF-4522-AB02-44128FA41703}.Release|Any CPU.Build.0 = Release|Any CPU
		{A2EDCFC5-FB7E-441F-8EC3-C0626D49083D}.Debug|Any CPU.ActiveCfg = Debug|Any CPU
		{A2EDCFC5-FB7E-441F-8EC3-C0626D49083D}.Debug|Any CPU.Build.0 = Debug|Any CPU
		{A2EDCFC5-FB7E-441F-8EC3-C0626D49083D}.Release|Any CPU.ActiveCfg = Release|Any CPU
		{A2EDCFC5-FB7E-441F-8EC3-C0626D49083D}.Release|Any CPU.Build.0 = Release|Any CPU
		{276B9D02-A8A4-4331-89CF-B43038545FA8}.Debug|Any CPU.ActiveCfg = Debug|Any CPU
		{276B9D02-A8A4-4331-89CF-B43038545FA8}.Debug|Any CPU.Build.0 = Debug|Any CPU
		{276B9D02-A8A4-4331-89CF-B43038545FA8}.Release|Any CPU.ActiveCfg = Release|Any CPU
		{276B9D02-A8A4-4331-89CF-B43038545FA8}.Release|Any CPU.Build.0 = Release|Any CPU
	EndGlobalSection
	GlobalSection(NestedProjects) = preSolution
		{7F295A3E-E553-432A-9B72-ADD10A6F2A7A} = {4E1A4433-7647-4109-BEE8-47E2D097569A}
		{4B79CAF4-A90C-4A1E-85E9-8EB0F5BDFE9E} = {4E1A4433-7647-4109-BEE8-47E2D097569A}
		{818CA7FE-868B-4770-96F7-970ABC92FABF} = {4E1A4433-7647-4109-BEE8-47E2D097569A}
		{0AEFE673-51A3-43D7-AF6C-B732A7111946} = {4E1A4433-7647-4109-BEE8-47E2D097569A}
		{D36EA1D4-C3BF-4522-AB02-44128FA41703} = {4E1A4433-7647-4109-BEE8-47E2D097569A}
		{A2EDCFC5-FB7E-441F-8EC3-C0626D49083D} = {3831833A-800D-4114-997D-2B3C616FAF13}
		{276B9D02-A8A4-4331-89CF-B43038545FA8} = {3831833A-800D-4114-997D-2B3C616FAF13}
	EndGlobalSection
EndGlobal
